// !$*UTF8*$!
{
	archiveVersion = 1;
	classes = {
	};
	objectVersion = 46;
	objects = {

/* Begin PBXBuildFile section */
		4CD476E618F9B09F00E14178 /* Foundation.framework in Frameworks */ = {isa = PBXBuildFile; fileRef = 4CD476E518F9B09F00E14178 /* Foundation.framework */; };
		4CD476E818F9B09F00E14178 /* CoreGraphics.framework in Frameworks */ = {isa = PBXBuildFile; fileRef = 4CD476E718F9B09F00E14178 /* CoreGraphics.framework */; };
		4CD476EA18F9B09F00E14178 /* UIKit.framework in Frameworks */ = {isa = PBXBuildFile; fileRef = 4CD476E918F9B09F00E14178 /* UIKit.framework */; };
		4CD476F018F9B09F00E14178 /* InfoPlist.strings in Resources */ = {isa = PBXBuildFile; fileRef = 4CD476EE18F9B09F00E14178 /* InfoPlist.strings */; };
		4CD476F218F9B09F00E14178 /* main.m in Sources */ = {isa = PBXBuildFile; fileRef = 4CD476F118F9B09F00E14178 /* main.m */; };
		4CD476F618F9B09F00E14178 /* DSAAppDelegate.m in Sources */ = {isa = PBXBuildFile; fileRef = 4CD476F518F9B09F00E14178 /* DSAAppDelegate.m */; };
		4CD476F818F9B09F00E14178 /* Images.xcassets in Resources */ = {isa = PBXBuildFile; fileRef = 4CD476F718F9B09F00E14178 /* Images.xcassets */; };
		4CD476FF18F9B09F00E14178 /* XCTest.framework in Frameworks */ = {isa = PBXBuildFile; fileRef = 4CD476FE18F9B09F00E14178 /* XCTest.framework */; };
		4CD4770018F9B09F00E14178 /* Foundation.framework in Frameworks */ = {isa = PBXBuildFile; fileRef = 4CD476E518F9B09F00E14178 /* Foundation.framework */; };
		4CD4770118F9B09F00E14178 /* UIKit.framework in Frameworks */ = {isa = PBXBuildFile; fileRef = 4CD476E918F9B09F00E14178 /* UIKit.framework */; };
		4CD4770918F9B09F00E14178 /* InfoPlist.strings in Resources */ = {isa = PBXBuildFile; fileRef = 4CD4770718F9B09F00E14178 /* InfoPlist.strings */; };
		4CD4770B18F9B09F00E14178 /* LiftoffTests.m in Sources */ = {isa = PBXBuildFile; fileRef = 4CD4770A18F9B09F00E14178 /* LiftoffTests.m */; };
		C985557318F9B33A00D7D1C7 /* Storyboard_iPhone.storyboard in Resources */ = {isa = PBXBuildFile; fileRef = C985557218F9B33A00D7D1C7 /* Storyboard_iPhone.storyboard */; };
		C985557518F9B3EF00D7D1C7 /* Storyboard_iPad.storyboard in Resources */ = {isa = PBXBuildFile; fileRef = C985557418F9B3EF00D7D1C7 /* Storyboard_iPad.storyboard */; };
		C985557818F9B4C400D7D1C7 /* MissionViewController.m in Sources */ = {isa = PBXBuildFile; fileRef = C985557718F9B4C400D7D1C7 /* MissionViewController.m */; };
/* End PBXBuildFile section */

/* Begin PBXContainerItemProxy section */
		4CD4770218F9B09F00E14178 /* PBXContainerItemProxy */ = {
			isa = PBXContainerItemProxy;
			containerPortal = 4CD476DA18F9B09F00E14178 /* Project object */;
			proxyType = 1;
			remoteGlobalIDString = 4CD476E118F9B09F00E14178;
			remoteInfo = Liftoff;
		};
/* End PBXContainerItemProxy section */

/* Begin PBXFileReference section */
		4CD476E218F9B09F00E14178 /* Liftoff.app */ = {isa = PBXFileReference; explicitFileType = wrapper.application; includeInIndex = 0; path = Liftoff.app; sourceTree = BUILT_PRODUCTS_DIR; };
		4CD476E518F9B09F00E14178 /* Foundation.framework */ = {isa = PBXFileReference; lastKnownFileType = wrapper.framework; name = Foundation.framework; path = System/Library/Frameworks/Foundation.framework; sourceTree = SDKROOT; };
		4CD476E718F9B09F00E14178 /* CoreGraphics.framework */ = {isa = PBXFileReference; lastKnownFileType = wrapper.framework; name = CoreGraphics.framework; path = System/Library/Frameworks/CoreGraphics.framework; sourceTree = SDKROOT; };
		4CD476E918F9B09F00E14178 /* UIKit.framework */ = {isa = PBXFileReference; lastKnownFileType = wrapper.framework; name = UIKit.framework; path = System/Library/Frameworks/UIKit.framework; sourceTree = SDKROOT; };
		4CD476ED18F9B09F00E14178 /* Liftoff-Info.plist */ = {isa = PBXFileReference; lastKnownFileType = text.plist.xml; path = "Liftoff-Info.plist"; sourceTree = "<group>"; };
		4CD476EF18F9B09F00E14178 /* en */ = {isa = PBXFileReference; lastKnownFileType = text.plist.strings; name = en; path = en.lproj/InfoPlist.strings; sourceTree = "<group>"; };
		4CD476F118F9B09F00E14178 /* main.m */ = {isa = PBXFileReference; lastKnownFileType = sourcecode.c.objc; path = main.m; sourceTree = "<group>"; };
		4CD476F318F9B09F00E14178 /* Liftoff-Prefix.pch */ = {isa = PBXFileReference; lastKnownFileType = sourcecode.c.h; path = "Liftoff-Prefix.pch"; sourceTree = "<group>"; };
		4CD476F418F9B09F00E14178 /* DSAAppDelegate.h */ = {isa = PBXFileReference; lastKnownFileType = sourcecode.c.h; path = DSAAppDelegate.h; sourceTree = "<group>"; };
		4CD476F518F9B09F00E14178 /* DSAAppDelegate.m */ = {isa = PBXFileReference; lastKnownFileType = sourcecode.c.objc; path = DSAAppDelegate.m; sourceTree = "<group>"; };
		4CD476F718F9B09F00E14178 /* Images.xcassets */ = {isa = PBXFileReference; lastKnownFileType = folder.assetcatalog; path = Images.xcassets; sourceTree = "<group>"; };
		4CD476FD18F9B09F00E14178 /* LiftoffTests.xctest */ = {isa = PBXFileReference; explicitFileType = wrapper.cfbundle; includeInIndex = 0; path = LiftoffTests.xctest; sourceTree = BUILT_PRODUCTS_DIR; };
		4CD476FE18F9B09F00E14178 /* XCTest.framework */ = {isa = PBXFileReference; lastKnownFileType = wrapper.framework; name = XCTest.framework; path = Library/Frameworks/XCTest.framework; sourceTree = DEVELOPER_DIR; };
		4CD4770618F9B09F00E14178 /* LiftoffTests-Info.plist */ = {isa = PBXFileReference; lastKnownFileType = text.plist.xml; path = "LiftoffTests-Info.plist"; sourceTree = "<group>"; };
		4CD4770818F9B09F00E14178 /* en */ = {isa = PBXFileReference; lastKnownFileType = text.plist.strings; name = en; path = en.lproj/InfoPlist.strings; sourceTree = "<group>"; };
		4CD4770A18F9B09F00E14178 /* LiftoffTests.m */ = {isa = PBXFileReference; lastKnownFileType = sourcecode.c.objc; path = LiftoffTests.m; sourceTree = "<group>"; };
		C985557218F9B33A00D7D1C7 /* Storyboard_iPhone.storyboard */ = {isa = PBXFileReference; fileEncoding = 4; lastKnownFileType = file.storyboard; path = Storyboard_iPhone.storyboard; sourceTree = "<group>"; };
		C985557418F9B3EF00D7D1C7 /* Storyboard_iPad.storyboard */ = {isa = PBXFileReference; fileEncoding = 4; lastKnownFileType = file.storyboard; path = Storyboard_iPad.storyboard; sourceTree = "<group>"; };
		C985557618F9B4C400D7D1C7 /* MissionViewController.h */ = {isa = PBXFileReference; fileEncoding = 4; lastKnownFileType = sourcecode.c.h; path = MissionViewController.h; sourceTree = "<group>"; };
		C985557718F9B4C400D7D1C7 /* MissionViewController.m */ = {isa = PBXFileReference; fileEncoding = 4; lastKnownFileType = sourcecode.c.objc; path = MissionViewController.m; sourceTree = "<group>"; };
/* End PBXFileReference section */

/* Begin PBXFrameworksBuildPhase section */
		4CD476DF18F9B09F00E14178 /* Frameworks */ = {
			isa = PBXFrameworksBuildPhase;
			buildActionMask = 2147483647;
			files = (
				4CD476E818F9B09F00E14178 /* CoreGraphics.framework in Frameworks */,
				4CD476EA18F9B09F00E14178 /* UIKit.framework in Frameworks */,
				4CD476E618F9B09F00E14178 /* Foundation.framework in Frameworks */,
			);
			runOnlyForDeploymentPostprocessing = 0;
		};
		4CD476FA18F9B09F00E14178 /* Frameworks */ = {
			isa = PBXFrameworksBuildPhase;
			buildActionMask = 2147483647;
			files = (
				4CD476FF18F9B09F00E14178 /* XCTest.framework in Frameworks */,
				4CD4770118F9B09F00E14178 /* UIKit.framework in Frameworks */,
				4CD4770018F9B09F00E14178 /* Foundation.framework in Frameworks */,
			);
			runOnlyForDeploymentPostprocessing = 0;
		};
/* End PBXFrameworksBuildPhase section */

/* Begin PBXGroup section */
		4CD476D918F9B09F00E14178 = {
			isa = PBXGroup;
			children = (
				4CD476EB18F9B09F00E14178 /* Liftoff */,
				4CD4770418F9B09F00E14178 /* LiftoffTests */,
				4CD476E418F9B09F00E14178 /* Frameworks */,
				4CD476E318F9B09F00E14178 /* Products */,
			);
			sourceTree = "<group>";
		};
		4CD476E318F9B09F00E14178 /* Products */ = {
			isa = PBXGroup;
			children = (
				4CD476E218F9B09F00E14178 /* Liftoff.app */,
				4CD476FD18F9B09F00E14178 /* LiftoffTests.xctest */,
			);
			name = Products;
			sourceTree = "<group>";
		};
		4CD476E418F9B09F00E14178 /* Frameworks */ = {
			isa = PBXGroup;
			children = (
				4CD476E518F9B09F00E14178 /* Foundation.framework */,
				4CD476E718F9B09F00E14178 /* CoreGraphics.framework */,
				4CD476E918F9B09F00E14178 /* UIKit.framework */,
				4CD476FE18F9B09F00E14178 /* XCTest.framework */,
			);
			name = Frameworks;
			sourceTree = "<group>";
		};
		4CD476EB18F9B09F00E14178 /* Liftoff */ = {
			isa = PBXGroup;
			children = (
				4CD476F418F9B09F00E14178 /* DSAAppDelegate.h */,
				4CD476F518F9B09F00E14178 /* DSAAppDelegate.m */,
				C985557218F9B33A00D7D1C7 /* Storyboard_iPhone.storyboard */,
				C985557418F9B3EF00D7D1C7 /* Storyboard_iPad.storyboard */,
				C985557618F9B4C400D7D1C7 /* MissionViewController.h */,
				C985557718F9B4C400D7D1C7 /* MissionViewController.m */,
				4CD476F718F9B09F00E14178 /* Images.xcassets */,
				4CD476EC18F9B09F00E14178 /* Supporting Files */,
			);
			path = Liftoff;
			sourceTree = "<group>";
		};
		4CD476EC18F9B09F00E14178 /* Supporting Files */ = {
			isa = PBXGroup;
			children = (
				4CD476ED18F9B09F00E14178 /* Liftoff-Info.plist */,
				4CD476EE18F9B09F00E14178 /* InfoPlist.strings */,
				4CD476F118F9B09F00E14178 /* main.m */,
				4CD476F318F9B09F00E14178 /* Liftoff-Prefix.pch */,
			);
			name = "Supporting Files";
			sourceTree = "<group>";
		};
		4CD4770418F9B09F00E14178 /* LiftoffTests */ = {
			isa = PBXGroup;
			children = (
				4CD4770A18F9B09F00E14178 /* LiftoffTests.m */,
				4CD4770518F9B09F00E14178 /* Supporting Files */,
			);
			path = LiftoffTests;
			sourceTree = "<group>";
		};
		4CD4770518F9B09F00E14178 /* Supporting Files */ = {
			isa = PBXGroup;
			children = (
				4CD4770618F9B09F00E14178 /* LiftoffTests-Info.plist */,
				4CD4770718F9B09F00E14178 /* InfoPlist.strings */,
			);
			name = "Supporting Files";
			sourceTree = "<group>";
		};
/* End PBXGroup section */

/* Begin PBXNativeTarget section */
		4CD476E118F9B09F00E14178 /* Liftoff */ = {
			isa = PBXNativeTarget;
			buildConfigurationList = 4CD4770E18F9B09F00E14178 /* Build configuration list for PBXNativeTarget "Liftoff" */;
			buildPhases = (
				4CD476DE18F9B09F00E14178 /* Sources */,
				4CD476DF18F9B09F00E14178 /* Frameworks */,
				4CD476E018F9B09F00E14178 /* Resources */,
			);
			buildRules = (
			);
			dependencies = (
			);
			name = Liftoff;
			productName = Liftoff;
			productReference = 4CD476E218F9B09F00E14178 /* Liftoff.app */;
			productType = "com.apple.product-type.application";
		};
		4CD476FC18F9B09F00E14178 /* LiftoffTests */ = {
			isa = PBXNativeTarget;
			buildConfigurationList = 4CD4771118F9B09F00E14178 /* Build configuration list for PBXNativeTarget "LiftoffTests" */;
			buildPhases = (
				4CD476F918F9B09F00E14178 /* Sources */,
				4CD476FA18F9B09F00E14178 /* Frameworks */,
				4CD476FB18F9B09F00E14178 /* Resources */,
			);
			buildRules = (
			);
			dependencies = (
				4CD4770318F9B09F00E14178 /* PBXTargetDependency */,
			);
			name = LiftoffTests;
			productName = LiftoffTests;
			productReference = 4CD476FD18F9B09F00E14178 /* LiftoffTests.xctest */;
			productType = "com.apple.product-type.bundle.unit-test";
		};
/* End PBXNativeTarget section */

/* Begin PBXProject section */
		4CD476DA18F9B09F00E14178 /* Project object */ = {
			isa = PBXProject;
			attributes = {
				CLASSPREFIX = DSA;
				LastUpgradeCheck = 0510;
				ORGANIZATIONNAME = "Disco Space Agency";
				TargetAttributes = {
					4CD476FC18F9B09F00E14178 = {
						TestTargetID = 4CD476E118F9B09F00E14178;
					};
				};
			};
			buildConfigurationList = 4CD476DD18F9B09F00E14178 /* Build configuration list for PBXProject "Liftoff" */;
			compatibilityVersion = "Xcode 3.2";
			developmentRegion = English;
			hasScannedForEncodings = 0;
			knownRegions = (
				en,
			);
			mainGroup = 4CD476D918F9B09F00E14178;
			productRefGroup = 4CD476E318F9B09F00E14178 /* Products */;
			projectDirPath = "";
			projectRoot = "";
			targets = (
				4CD476E118F9B09F00E14178 /* Liftoff */,
				4CD476FC18F9B09F00E14178 /* LiftoffTests */,
			);
		};
/* End PBXProject section */

/* Begin PBXResourcesBuildPhase section */
		4CD476E018F9B09F00E14178 /* Resources */ = {
			isa = PBXResourcesBuildPhase;
			buildActionMask = 2147483647;
			files = (
				4CD476F018F9B09F00E14178 /* InfoPlist.strings in Resources */,
				C985557318F9B33A00D7D1C7 /* Storyboard_iPhone.storyboard in Resources */,
				4CD476F818F9B09F00E14178 /* Images.xcassets in Resources */,
				C985557518F9B3EF00D7D1C7 /* Storyboard_iPad.storyboard in Resources */,
			);
			runOnlyForDeploymentPostprocessing = 0;
		};
		4CD476FB18F9B09F00E14178 /* Resources */ = {
			isa = PBXResourcesBuildPhase;
			buildActionMask = 2147483647;
			files = (
				4CD4770918F9B09F00E14178 /* InfoPlist.strings in Resources */,
			);
			runOnlyForDeploymentPostprocessing = 0;
		};
/* End PBXResourcesBuildPhase section */

/* Begin PBXSourcesBuildPhase section */
		4CD476DE18F9B09F00E14178 /* Sources */ = {
			isa = PBXSourcesBuildPhase;
			buildActionMask = 2147483647;
			files = (
				4CD476F218F9B09F00E14178 /* main.m in Sources */,
				4CD476F618F9B09F00E14178 /* DSAAppDelegate.m in Sources */,
				C985557818F9B4C400D7D1C7 /* MissionViewController.m in Sources */,
			);
			runOnlyForDeploymentPostprocessing = 0;
		};
		4CD476F918F9B09F00E14178 /* Sources */ = {
			isa = PBXSourcesBuildPhase;
			buildActionMask = 2147483647;
			files = (
				4CD4770B18F9B09F00E14178 /* LiftoffTests.m in Sources */,
			);
			runOnlyForDeploymentPostprocessing = 0;
		};
/* End PBXSourcesBuildPhase section */

/* Begin PBXTargetDependency section */
		4CD4770318F9B09F00E14178 /* PBXTargetDependency */ = {
			isa = PBXTargetDependency;
			target = 4CD476E118F9B09F00E14178 /* Liftoff */;
			targetProxy = 4CD4770218F9B09F00E14178 /* PBXContainerItemProxy */;
		};
/* End PBXTargetDependency section */

/* Begin PBXVariantGroup section */
		4CD476EE18F9B09F00E14178 /* InfoPlist.strings */ = {
			isa = PBXVariantGroup;
			children = (
				4CD476EF18F9B09F00E14178 /* en */,
			);
			name = InfoPlist.strings;
			sourceTree = "<group>";
		};
		4CD4770718F9B09F00E14178 /* InfoPlist.strings */ = {
			isa = PBXVariantGroup;
			children = (
				4CD4770818F9B09F00E14178 /* en */,
			);
			name = InfoPlist.strings;
			sourceTree = "<group>";
		};
/* End PBXVariantGroup section */

/* Begin XCBuildConfiguration section */
		4CD4770C18F9B09F00E14178 /* Debug */ = {
			isa = XCBuildConfiguration;
			buildSettings = {
				ALWAYS_SEARCH_USER_PATHS = NO;
				CLANG_CXX_LANGUAGE_STANDARD = "gnu++0x";
				CLANG_CXX_LIBRARY = "libc++";
				CLANG_ENABLE_MODULES = YES;
				CLANG_ENABLE_OBJC_ARC = YES;
				CLANG_WARN_BOOL_CONVERSION = YES;
				CLANG_WARN_CONSTANT_CONVERSION = YES;
				CLANG_WARN_DIRECT_OBJC_ISA_USAGE = YES_ERROR;
				CLANG_WARN_EMPTY_BODY = YES;
				CLANG_WARN_ENUM_CONVERSION = YES;
				CLANG_WARN_INT_CONVERSION = YES;
				CLANG_WARN_OBJC_ROOT_CLASS = YES_ERROR;
				CLANG_WARN__DUPLICATE_METHOD_MATCH = YES;
				"CODE_SIGN_IDENTITY[sdk=iphoneos*]" = "iPhone Developer";
				COPY_PHASE_STRIP = NO;
				GCC_C_LANGUAGE_STANDARD = gnu99;
				GCC_DYNAMIC_NO_PIC = NO;
				GCC_OPTIMIZATION_LEVEL = 0;
				GCC_PREPROCESSOR_DEFINITIONS = (
					"DEBUG=1",
					"$(inherited)",
				);
				GCC_SYMBOLS_PRIVATE_EXTERN = NO;
				GCC_WARN_64_TO_32_BIT_CONVERSION = YES;
				GCC_WARN_ABOUT_RETURN_TYPE = YES_ERROR;
				GCC_WARN_UNDECLARED_SELECTOR = YES;
				GCC_WARN_UNINITIALIZED_AUTOS = YES_AGGRESSIVE;
				GCC_WARN_UNUSED_FUNCTION = YES;
				GCC_WARN_UNUSED_VARIABLE = YES;
				IPHONEOS_DEPLOYMENT_TARGET = 7.1;
				ONLY_ACTIVE_ARCH = YES;
				SDKROOT = iphoneos;
				TARGETED_DEVICE_FAMILY = "1,2";
			};
			name = Debug;
		};
		4CD4770D18F9B09F00E14178 /* Release */ = {
			isa = XCBuildConfiguration;
			buildSettings = {
				ALWAYS_SEARCH_USER_PATHS = NO;
				CLANG_CXX_LANGUAGE_STANDARD = "gnu++0x";
				CLANG_CXX_LIBRARY = "libc++";
				CLANG_ENABLE_MODULES = YES;
				CLANG_ENABLE_OBJC_ARC = YES;
				CLANG_WARN_BOOL_CONVERSION = YES;
				CLANG_WARN_CONSTANT_CONVERSION = YES;
				CLANG_WARN_DIRECT_OBJC_ISA_USAGE = YES_ERROR;
				CLANG_WARN_EMPTY_BODY = YES;
				CLANG_WARN_ENUM_CONVERSION = YES;
				CLANG_WARN_INT_CONVERSION = YES;
				CLANG_WARN_OBJC_ROOT_CLASS = YES_ERROR;
				CLANG_WARN__DUPLICATE_METHOD_MATCH = YES;
				"CODE_SIGN_IDENTITY[sdk=iphoneos*]" = "iPhone Developer";
				COPY_PHASE_STRIP = YES;
				ENABLE_NS_ASSERTIONS = NO;
				GCC_C_LANGUAGE_STANDARD = gnu99;
				GCC_WARN_64_TO_32_BIT_CONVERSION = YES;
				GCC_WARN_ABOUT_RETURN_TYPE = YES_ERROR;
				GCC_WARN_UNDECLARED_SELECTOR = YES;
				GCC_WARN_UNINITIALIZED_AUTOS = YES_AGGRESSIVE;
				GCC_WARN_UNUSED_FUNCTION = YES;
				GCC_WARN_UNUSED_VARIABLE = YES;
				IPHONEOS_DEPLOYMENT_TARGET = 7.1;
				SDKROOT = iphoneos;
				TARGETED_DEVICE_FAMILY = "1,2";
				VALIDATE_PRODUCT = YES;
			};
			name = Release;
		};
		4CD4770F18F9B09F00E14178 /* Debug */ = {
			isa = XCBuildConfiguration;
			buildSettings = {
				ASSETCATALOG_COMPILER_APPICON_NAME = AppIcon;
				ASSETCATALOG_COMPILER_LAUNCHIMAGE_NAME = LaunchImage;
				GCC_PRECOMPILE_PREFIX_HEADER = YES;
				GCC_PREFIX_HEADER = "Liftoff/Liftoff-Prefix.pch";
				INFOPLIST_FILE = "Liftoff/Liftoff-Info.plist";
				PRODUCT_NAME = "$(TARGET_NAME)";
				WRAPPER_EXTENSION = app;
			};
			name = Debug;
		};
		4CD4771018F9B09F00E14178 /* Release */ = {
			isa = XCBuildConfiguration;
			buildSettings = {
				ASSETCATALOG_COMPILER_APPICON_NAME = AppIcon;
				ASSETCATALOG_COMPILER_LAUNCHIMAGE_NAME = LaunchImage;
				GCC_PRECOMPILE_PREFIX_HEADER = YES;
				GCC_PREFIX_HEADER = "Liftoff/Liftoff-Prefix.pch";
				INFOPLIST_FILE = "Liftoff/Liftoff-Info.plist";
				PRODUCT_NAME = "$(TARGET_NAME)";
				WRAPPER_EXTENSION = app;
			};
			name = Release;
		};
		4CD4771218F9B09F00E14178 /* Debug */ = {
			isa = XCBuildConfiguration;
			buildSettings = {
				BUNDLE_LOADER = "$(BUILT_PRODUCTS_DIR)/Liftoff.app/Liftoff";
				FRAMEWORK_SEARCH_PATHS = (
					"$(SDKROOT)/Developer/Library/Frameworks",
					"$(inherited)",
					"$(DEVELOPER_FRAMEWORKS_DIR)",
				);
				GCC_PRECOMPILE_PREFIX_HEADER = YES;
				GCC_PREFIX_HEADER = "Liftoff/Liftoff-Prefix.pch";
				GCC_PREPROCESSOR_DEFINITIONS = (
					"DEBUG=1",
					"$(inherited)",
				);
				INFOPLIST_FILE = "LiftoffTests/LiftoffTests-Info.plist";
				PRODUCT_NAME = "$(TARGET_NAME)";
				TEST_HOST = "$(BUNDLE_LOADER)";
				WRAPPER_EXTENSION = xctest;
			};
			name = Debug;
		};
		4CD4771318F9B09F00E14178 /* Release */ = {
			isa = XCBuildConfiguration;
			buildSettings = {
				BUNDLE_LOADER = "$(BUILT_PRODUCTS_DIR)/Liftoff.app/Liftoff";
				FRAMEWORK_SEARCH_PATHS = (
					"$(SDKROOT)/Developer/Library/Frameworks",
					"$(inherited)",
					"$(DEVELOPER_FRAMEWORKS_DIR)",
				);
				GCC_PRECOMPILE_PREFIX_HEADER = YES;
				GCC_PREFIX_HEADER = "Liftoff/Liftoff-Prefix.pch";
				INFOPLIST_FILE = "LiftoffTests/LiftoffTests-Info.plist";
				PRODUCT_NAME = "$(TARGET_NAME)";
				TEST_HOST = "$(BUNDLE_LOADER)";
				WRAPPER_EXTENSION = xctest;
			};
			name = Release;
		};
/* End XCBuildConfiguration section */

/* Begin XCConfigurationList section */
		4CD476DD18F9B09F00E14178 /* Build configuration list for PBXProject "Liftoff" */ = {
			isa = XCConfigurationList;
			buildConfigurations = (
				4CD4770C18F9B09F00E14178 /* Debug */,
				4CD4770D18F9B09F00E14178 /* Release */,
			);
			defaultConfigurationIsVisible = 0;
			defaultConfigurationName = Release;
		};
		4CD4770E18F9B09F00E14178 /* Build configuration list for PBXNativeTarget "Liftoff" */ = {
			isa = XCConfigurationList;
			buildConfigurations = (
				4CD4770F18F9B09F00E14178 /* Debug */,
				4CD4771018F9B09F00E14178 /* Release */,
			);
			defaultConfigurationIsVisible = 0;
			defaultConfigurationName = Release;
		};
		4CD4771118F9B09F00E14178 /* Build configuration list for PBXNativeTarget "LiftoffTests" */ = {
			isa = XCConfigurationList;
			buildConfigurations = (
				4CD4771218F9B09F00E14178 /* Debug */,
				4CD4771318F9B09F00E14178 /* Release */,
			);
			defaultConfigurationIsVisible = 0;
			defaultConfigurationName = Release;
		};
/* End XCConfigurationList section */
	};
	rootObject = 4CD476DA18F9B09F00E14178 /* Project object */;
}
