// !$*UTF8*$!
{
	archiveVersion = 1;
	classes = {
	};
	objectVersion = 46;
	objects = {

/* Begin PBXBuildFile section */
		4C12A10A18F9B8C2002F9AEE /* DSATimelineViewController.m in Sources */ = {isa = PBXBuildFile; fileRef = 4C12A10918F9B8C2002F9AEE /* DSATimelineViewController.m */; };
		4C12A10B18F9B8C2002F9AEE /* DSATimelineViewController.m in Sources */ = {isa = PBXBuildFile; fileRef = 4C12A10918F9B8C2002F9AEE /* DSATimelineViewController.m */; };
		4C12A11218F9BB71002F9AEE /* DSAMission.m in Sources */ = {isa = PBXBuildFile; fileRef = 4C12A11118F9BB71002F9AEE /* DSAMission.m */; };
		4C12A11318F9BB71002F9AEE /* DSAMission.m in Sources */ = {isa = PBXBuildFile; fileRef = 4C12A11118F9BB71002F9AEE /* DSAMission.m */; };
		4C12A11618F9BB87002F9AEE /* DSAEvent.m in Sources */ = {isa = PBXBuildFile; fileRef = 4C12A11518F9BB87002F9AEE /* DSAEvent.m */; };
		4C12A11718F9BB87002F9AEE /* DSAEvent.m in Sources */ = {isa = PBXBuildFile; fileRef = 4C12A11518F9BB87002F9AEE /* DSAEvent.m */; };
		4C61AD9918F9EF61009E585F /* DSATimelineDataSource.m in Sources */ = {isa = PBXBuildFile; fileRef = 4C61AD9418F9EF61009E585F /* DSATimelineDataSource.m */; };
		4C61AD9A18F9EF61009E585F /* DSATimelineViewCell.m in Sources */ = {isa = PBXBuildFile; fileRef = 4C61AD9618F9EF61009E585F /* DSATimelineViewCell.m */; };
		4C61AD9B18F9EF61009E585F /* DSATimelineWidthCalculator.m in Sources */ = {isa = PBXBuildFile; fileRef = 4C61AD9818F9EF61009E585F /* DSATimelineWidthCalculator.m */; };
		4C61AD9E18FA189F009E585F /* DSATimelineOffsetManager.m in Sources */ = {isa = PBXBuildFile; fileRef = 4C61AD9D18FA189F009E585F /* DSATimelineOffsetManager.m */; };
		4C61AD9F18FA189F009E585F /* DSATimelineOffsetManager.m in Sources */ = {isa = PBXBuildFile; fileRef = 4C61AD9D18FA189F009E585F /* DSATimelineOffsetManager.m */; };
		4C62443E18FAAFBD00D1D582 /* DSATimelineMissionAnimator.m in Sources */ = {isa = PBXBuildFile; fileRef = 4C62443D18FAAFBD00D1D582 /* DSATimelineMissionAnimator.m */; };
		4C62443F18FAAFBD00D1D582 /* DSATimelineMissionAnimator.m in Sources */ = {isa = PBXBuildFile; fileRef = 4C62443D18FAAFBD00D1D582 /* DSATimelineMissionAnimator.m */; };
		4C62444218FABBE200D1D582 /* DSANavigationControllerDelegate.m in Sources */ = {isa = PBXBuildFile; fileRef = 4C62444118FABBE200D1D582 /* DSANavigationControllerDelegate.m */; };
		4C62444318FABBE200D1D582 /* DSANavigationControllerDelegate.m in Sources */ = {isa = PBXBuildFile; fileRef = 4C62444118FABBE200D1D582 /* DSANavigationControllerDelegate.m */; };
		4CA79CD518FA54250008966B /* DSAScrubberView.m in Sources */ = {isa = PBXBuildFile; fileRef = 4CA79CD418FA54250008966B /* DSAScrubberView.m */; };
		4CA79CD618FA54250008966B /* DSAScrubberView.m in Sources */ = {isa = PBXBuildFile; fileRef = 4CA79CD418FA54250008966B /* DSAScrubberView.m */; };
		4CA79CD918FA62F80008966B /* DSAScrubberManager.m in Sources */ = {isa = PBXBuildFile; fileRef = 4CA79CD818FA62F80008966B /* DSAScrubberManager.m */; };
		4CA79CDA18FA62F80008966B /* DSAScrubberManager.m in Sources */ = {isa = PBXBuildFile; fileRef = 4CA79CD818FA62F80008966B /* DSAScrubberManager.m */; };
		4CB014FD18FA356A00E4B82F /* Novecentosanswide-DemiBold.otf in Resources */ = {isa = PBXBuildFile; fileRef = 4CB014F518FA356A00E4B82F /* Novecentosanswide-DemiBold.otf */; };
		4CB014FE18FA356A00E4B82F /* Novecentosanswide-DemiBold.otf in Resources */ = {isa = PBXBuildFile; fileRef = 4CB014F518FA356A00E4B82F /* Novecentosanswide-DemiBold.otf */; };
		4CB014FF18FA356A00E4B82F /* Novecentosanswide-Light.otf in Resources */ = {isa = PBXBuildFile; fileRef = 4CB014F618FA356A00E4B82F /* Novecentosanswide-Light.otf */; };
		4CB0150018FA356A00E4B82F /* Novecentosanswide-Light.otf in Resources */ = {isa = PBXBuildFile; fileRef = 4CB014F618FA356A00E4B82F /* Novecentosanswide-Light.otf */; };
		4CD476E618F9B09F00E14178 /* Foundation.framework in Frameworks */ = {isa = PBXBuildFile; fileRef = 4CD476E518F9B09F00E14178 /* Foundation.framework */; };
		4CD476E818F9B09F00E14178 /* CoreGraphics.framework in Frameworks */ = {isa = PBXBuildFile; fileRef = 4CD476E718F9B09F00E14178 /* CoreGraphics.framework */; };
		4CD476EA18F9B09F00E14178 /* UIKit.framework in Frameworks */ = {isa = PBXBuildFile; fileRef = 4CD476E918F9B09F00E14178 /* UIKit.framework */; };
		4CD476F018F9B09F00E14178 /* InfoPlist.strings in Resources */ = {isa = PBXBuildFile; fileRef = 4CD476EE18F9B09F00E14178 /* InfoPlist.strings */; };
		4CD476F218F9B09F00E14178 /* main.m in Sources */ = {isa = PBXBuildFile; fileRef = 4CD476F118F9B09F00E14178 /* main.m */; };
		4CD476F618F9B09F00E14178 /* DSAAppDelegate.m in Sources */ = {isa = PBXBuildFile; fileRef = 4CD476F518F9B09F00E14178 /* DSAAppDelegate.m */; };
		4CD476F818F9B09F00E14178 /* Images.xcassets in Resources */ = {isa = PBXBuildFile; fileRef = 4CD476F718F9B09F00E14178 /* Images.xcassets */; };
		4CD476FF18F9B09F00E14178 /* XCTest.framework in Frameworks */ = {isa = PBXBuildFile; fileRef = 4CD476FE18F9B09F00E14178 /* XCTest.framework */; };
		4CD4770018F9B09F00E14178 /* Foundation.framework in Frameworks */ = {isa = PBXBuildFile; fileRef = 4CD476E518F9B09F00E14178 /* Foundation.framework */; };
		4CD4770118F9B09F00E14178 /* UIKit.framework in Frameworks */ = {isa = PBXBuildFile; fileRef = 4CD476E918F9B09F00E14178 /* UIKit.framework */; };
		4CD4770918F9B09F00E14178 /* InfoPlist.strings in Resources */ = {isa = PBXBuildFile; fileRef = 4CD4770718F9B09F00E14178 /* InfoPlist.strings */; };
		4CD4770B18F9B09F00E14178 /* LiftoffTests.m in Sources */ = {isa = PBXBuildFile; fileRef = 4CD4770A18F9B09F00E14178 /* LiftoffTests.m */; };
		C93F327718FAC06600288E26 /* ISS.png in Resources */ = {isa = PBXBuildFile; fileRef = C93F327618FAC06500288E26 /* ISS.png */; };
		C93F327A18FAC0E400288E26 /* DSANextLaunchCell.m in Sources */ = {isa = PBXBuildFile; fileRef = C93F327918FAC0E400288E26 /* DSANextLaunchCell.m */; };
		C93F327D18FAC0F800288E26 /* DSALaunchCell.m in Sources */ = {isa = PBXBuildFile; fileRef = C93F327C18FAC0F800288E26 /* DSALaunchCell.m */; };
		C93F328018FACBC000288E26 /* DSADateConverter.m in Sources */ = {isa = PBXBuildFile; fileRef = C93F327F18FACBC000288E26 /* DSADateConverter.m */; };
		C953A5C718FA4F5400131EA4 /* DSALaunch.m in Sources */ = {isa = PBXBuildFile; fileRef = C953A5C618FA4F5400131EA4 /* DSALaunch.m */; };
		C985557318F9B33A00D7D1C7 /* Storyboard_iPhone.storyboard in Resources */ = {isa = PBXBuildFile; fileRef = C985557218F9B33A00D7D1C7 /* Storyboard_iPhone.storyboard */; };
		C985557518F9B3EF00D7D1C7 /* Storyboard_iPad.storyboard in Resources */ = {isa = PBXBuildFile; fileRef = C985557418F9B3EF00D7D1C7 /* Storyboard_iPad.storyboard */; };
		C985557818F9B4C400D7D1C7 /* DSAMissionViewController.m in Sources */ = {isa = PBXBuildFile; fileRef = C985557718F9B4C400D7D1C7 /* DSAMissionViewController.m */; };
		C985557D18F9D62F00D7D1C7 /* DSADataGrabber.m in Sources */ = {isa = PBXBuildFile; fileRef = C985557A18F9D62F00D7D1C7 /* DSADataGrabber.m */; };
		C985557E18F9D62F00D7D1C7 /* DSADataStore.m in Sources */ = {isa = PBXBuildFile; fileRef = C985557C18F9D62F00D7D1C7 /* DSADataStore.m */; };
		C985559418F9D79800D7D1C7 /* EGOCache.m in Sources */ = {isa = PBXBuildFile; fileRef = C985558118F9D79800D7D1C7 /* EGOCache.m */; settings = {COMPILER_FLAGS = "-fno-objc-arc"; }; };
		C985559518F9D79800D7D1C7 /* EGOImageButton.m in Sources */ = {isa = PBXBuildFile; fileRef = C985558318F9D79800D7D1C7 /* EGOImageButton.m */; settings = {COMPILER_FLAGS = "-fno-objc-arc"; }; };
		C985559618F9D79800D7D1C7 /* EGOImageLoadConnection.m in Sources */ = {isa = PBXBuildFile; fileRef = C985558518F9D79800D7D1C7 /* EGOImageLoadConnection.m */; settings = {COMPILER_FLAGS = "-fno-objc-arc"; }; };
		C985559718F9D79800D7D1C7 /* EGOImageLoader.m in Sources */ = {isa = PBXBuildFile; fileRef = C985558718F9D79800D7D1C7 /* EGOImageLoader.m */; settings = {COMPILER_FLAGS = "-fno-objc-arc"; }; };
		C985559818F9D79800D7D1C7 /* EGOImageView.m in Sources */ = {isa = PBXBuildFile; fileRef = C985558918F9D79800D7D1C7 /* EGOImageView.m */; settings = {COMPILER_FLAGS = "-fno-objc-arc"; }; };
		C985559918F9D79800D7D1C7 /* NSCachedURLResponse+LeakFix.m in Sources */ = {isa = PBXBuildFile; fileRef = C985558B18F9D79800D7D1C7 /* NSCachedURLResponse+LeakFix.m */; settings = {COMPILER_FLAGS = "-fno-objc-arc"; }; };
		C985559A18F9D79800D7D1C7 /* NSString+SDExtensions.m in Sources */ = {isa = PBXBuildFile; fileRef = C985558D18F9D79800D7D1C7 /* NSString+SDExtensions.m */; settings = {COMPILER_FLAGS = "-fno-objc-arc"; }; };
		C985559D18F9D79800D7D1C7 /* UIImageResize.m in Sources */ = {isa = PBXBuildFile; fileRef = C985559318F9D79800D7D1C7 /* UIImageResize.m */; settings = {COMPILER_FLAGS = "-fno-objc-arc"; }; };
		C98555A118F9D8C700D7D1C7 /* DSAAstronautCell.m in Sources */ = {isa = PBXBuildFile; fileRef = C98555A018F9D8C700D7D1C7 /* DSAAstronautCell.m */; };
		C98555A418F9DF9800D7D1C7 /* DSAEventCell.m in Sources */ = {isa = PBXBuildFile; fileRef = C98555A318F9DF9800D7D1C7 /* DSAEventCell.m */; };
		C98555A718F9EAC800D7D1C7 /* DSAShadowLabel.m in Sources */ = {isa = PBXBuildFile; fileRef = C98555A618F9EAC800D7D1C7 /* DSAShadowLabel.m */; };
		C98555B118F9FC2600D7D1C7 /* FLKAutoLayoutPredicateList.m in Sources */ = {isa = PBXBuildFile; fileRef = C98555AC18F9FC2600D7D1C7 /* FLKAutoLayoutPredicateList.m */; };
		C98555B218F9FC2600D7D1C7 /* UIView+FLKAutoLayout.m in Sources */ = {isa = PBXBuildFile; fileRef = C98555AE18F9FC2600D7D1C7 /* UIView+FLKAutoLayout.m */; };
		C98555B318F9FC2600D7D1C7 /* UIView+FLKAutoLayoutPredicate.m in Sources */ = {isa = PBXBuildFile; fileRef = C98555B018F9FC2600D7D1C7 /* UIView+FLKAutoLayoutPredicate.m */; };
		C98555BB18FA45BE00D7D1C7 /* DSALaunchViewController.m in Sources */ = {isa = PBXBuildFile; fileRef = C98555BA18FA45BE00D7D1C7 /* DSALaunchViewController.m */; };
/* End PBXBuildFile section */

/* Begin PBXContainerItemProxy section */
		4CD4770218F9B09F00E14178 /* PBXContainerItemProxy */ = {
			isa = PBXContainerItemProxy;
			containerPortal = 4CD476DA18F9B09F00E14178 /* Project object */;
			proxyType = 1;
			remoteGlobalIDString = 4CD476E118F9B09F00E14178;
			remoteInfo = Liftoff;
		};
/* End PBXContainerItemProxy section */

/* Begin PBXFileReference section */
		4C12A10818F9B8C2002F9AEE /* DSATimelineViewController.h */ = {isa = PBXFileReference; fileEncoding = 4; lastKnownFileType = sourcecode.c.h; path = DSATimelineViewController.h; sourceTree = "<group>"; };
		4C12A10918F9B8C2002F9AEE /* DSATimelineViewController.m */ = {isa = PBXFileReference; fileEncoding = 4; lastKnownFileType = sourcecode.c.objc; path = DSATimelineViewController.m; sourceTree = "<group>"; };
		4C12A11018F9BB71002F9AEE /* DSAMission.h */ = {isa = PBXFileReference; fileEncoding = 4; lastKnownFileType = sourcecode.c.h; path = DSAMission.h; sourceTree = "<group>"; };
		4C12A11118F9BB71002F9AEE /* DSAMission.m */ = {isa = PBXFileReference; fileEncoding = 4; lastKnownFileType = sourcecode.c.objc; path = DSAMission.m; sourceTree = "<group>"; };
		4C12A11418F9BB87002F9AEE /* DSAEvent.h */ = {isa = PBXFileReference; fileEncoding = 4; lastKnownFileType = sourcecode.c.h; path = DSAEvent.h; sourceTree = "<group>"; };
		4C12A11518F9BB87002F9AEE /* DSAEvent.m */ = {isa = PBXFileReference; fileEncoding = 4; lastKnownFileType = sourcecode.c.objc; path = DSAEvent.m; sourceTree = "<group>"; };
		4C61AD9318F9EF61009E585F /* DSATimelineDataSource.h */ = {isa = PBXFileReference; fileEncoding = 4; lastKnownFileType = sourcecode.c.h; path = DSATimelineDataSource.h; sourceTree = "<group>"; };
		4C61AD9418F9EF61009E585F /* DSATimelineDataSource.m */ = {isa = PBXFileReference; fileEncoding = 4; lastKnownFileType = sourcecode.c.objc; path = DSATimelineDataSource.m; sourceTree = "<group>"; };
		4C61AD9518F9EF61009E585F /* DSATimelineViewCell.h */ = {isa = PBXFileReference; fileEncoding = 4; lastKnownFileType = sourcecode.c.h; path = DSATimelineViewCell.h; sourceTree = "<group>"; };
		4C61AD9618F9EF61009E585F /* DSATimelineViewCell.m */ = {isa = PBXFileReference; fileEncoding = 4; lastKnownFileType = sourcecode.c.objc; path = DSATimelineViewCell.m; sourceTree = "<group>"; };
		4C61AD9718F9EF61009E585F /* DSATimelineWidthCalculator.h */ = {isa = PBXFileReference; fileEncoding = 4; lastKnownFileType = sourcecode.c.h; path = DSATimelineWidthCalculator.h; sourceTree = "<group>"; };
		4C61AD9818F9EF61009E585F /* DSATimelineWidthCalculator.m */ = {isa = PBXFileReference; fileEncoding = 4; lastKnownFileType = sourcecode.c.objc; path = DSATimelineWidthCalculator.m; sourceTree = "<group>"; };
		4C61AD9C18FA189F009E585F /* DSATimelineOffsetManager.h */ = {isa = PBXFileReference; fileEncoding = 4; lastKnownFileType = sourcecode.c.h; path = DSATimelineOffsetManager.h; sourceTree = "<group>"; };
		4C61AD9D18FA189F009E585F /* DSATimelineOffsetManager.m */ = {isa = PBXFileReference; fileEncoding = 4; lastKnownFileType = sourcecode.c.objc; path = DSATimelineOffsetManager.m; sourceTree = "<group>"; };
		4C62443C18FAAFBD00D1D582 /* DSATimelineMissionAnimator.h */ = {isa = PBXFileReference; fileEncoding = 4; lastKnownFileType = sourcecode.c.h; name = DSATimelineMissionAnimator.h; path = ../Timeline/DSATimelineMissionAnimator.h; sourceTree = "<group>"; };
		4C62443D18FAAFBD00D1D582 /* DSATimelineMissionAnimator.m */ = {isa = PBXFileReference; fileEncoding = 4; lastKnownFileType = sourcecode.c.objc; name = DSATimelineMissionAnimator.m; path = ../Timeline/DSATimelineMissionAnimator.m; sourceTree = "<group>"; };
		4C62444018FABBE200D1D582 /* DSANavigationControllerDelegate.h */ = {isa = PBXFileReference; fileEncoding = 4; lastKnownFileType = sourcecode.c.h; path = DSANavigationControllerDelegate.h; sourceTree = "<group>"; };
		4C62444118FABBE200D1D582 /* DSANavigationControllerDelegate.m */ = {isa = PBXFileReference; fileEncoding = 4; lastKnownFileType = sourcecode.c.objc; path = DSANavigationControllerDelegate.m; sourceTree = "<group>"; };
		4CA79CD318FA54250008966B /* DSAScrubberView.h */ = {isa = PBXFileReference; fileEncoding = 4; lastKnownFileType = sourcecode.c.h; path = DSAScrubberView.h; sourceTree = "<group>"; };
		4CA79CD418FA54250008966B /* DSAScrubberView.m */ = {isa = PBXFileReference; fileEncoding = 4; lastKnownFileType = sourcecode.c.objc; path = DSAScrubberView.m; sourceTree = "<group>"; };
		4CA79CD718FA62F80008966B /* DSAScrubberManager.h */ = {isa = PBXFileReference; fileEncoding = 4; lastKnownFileType = sourcecode.c.h; path = DSAScrubberManager.h; sourceTree = "<group>"; };
		4CA79CD818FA62F80008966B /* DSAScrubberManager.m */ = {isa = PBXFileReference; fileEncoding = 4; lastKnownFileType = sourcecode.c.objc; path = DSAScrubberManager.m; sourceTree = "<group>"; };
		4CB014F518FA356A00E4B82F /* Novecentosanswide-DemiBold.otf */ = {isa = PBXFileReference; lastKnownFileType = file; path = "Novecentosanswide-DemiBold.otf"; sourceTree = "<group>"; };
		4CB014F618FA356A00E4B82F /* Novecentosanswide-Light.otf */ = {isa = PBXFileReference; lastKnownFileType = file; path = "Novecentosanswide-Light.otf"; sourceTree = "<group>"; };
		4CD476E218F9B09F00E14178 /* Liftoff.app */ = {isa = PBXFileReference; explicitFileType = wrapper.application; includeInIndex = 0; path = Liftoff.app; sourceTree = BUILT_PRODUCTS_DIR; };
		4CD476E518F9B09F00E14178 /* Foundation.framework */ = {isa = PBXFileReference; lastKnownFileType = wrapper.framework; name = Foundation.framework; path = System/Library/Frameworks/Foundation.framework; sourceTree = SDKROOT; };
		4CD476E718F9B09F00E14178 /* CoreGraphics.framework */ = {isa = PBXFileReference; lastKnownFileType = wrapper.framework; name = CoreGraphics.framework; path = System/Library/Frameworks/CoreGraphics.framework; sourceTree = SDKROOT; };
		4CD476E918F9B09F00E14178 /* UIKit.framework */ = {isa = PBXFileReference; lastKnownFileType = wrapper.framework; name = UIKit.framework; path = System/Library/Frameworks/UIKit.framework; sourceTree = SDKROOT; };
		4CD476ED18F9B09F00E14178 /* Liftoff-Info.plist */ = {isa = PBXFileReference; lastKnownFileType = text.plist.xml; path = "Liftoff-Info.plist"; sourceTree = "<group>"; };
		4CD476EF18F9B09F00E14178 /* en */ = {isa = PBXFileReference; lastKnownFileType = text.plist.strings; name = en; path = en.lproj/InfoPlist.strings; sourceTree = "<group>"; };
		4CD476F118F9B09F00E14178 /* main.m */ = {isa = PBXFileReference; lastKnownFileType = sourcecode.c.objc; path = main.m; sourceTree = "<group>"; };
		4CD476F318F9B09F00E14178 /* Liftoff-Prefix.pch */ = {isa = PBXFileReference; lastKnownFileType = sourcecode.c.h; path = "Liftoff-Prefix.pch"; sourceTree = "<group>"; };
		4CD476F418F9B09F00E14178 /* DSAAppDelegate.h */ = {isa = PBXFileReference; lastKnownFileType = sourcecode.c.h; path = DSAAppDelegate.h; sourceTree = "<group>"; };
		4CD476F518F9B09F00E14178 /* DSAAppDelegate.m */ = {isa = PBXFileReference; lastKnownFileType = sourcecode.c.objc; path = DSAAppDelegate.m; sourceTree = "<group>"; };
		4CD476F718F9B09F00E14178 /* Images.xcassets */ = {isa = PBXFileReference; lastKnownFileType = folder.assetcatalog; path = Images.xcassets; sourceTree = "<group>"; };
		4CD476FD18F9B09F00E14178 /* LiftoffTests.xctest */ = {isa = PBXFileReference; explicitFileType = wrapper.cfbundle; includeInIndex = 0; path = LiftoffTests.xctest; sourceTree = BUILT_PRODUCTS_DIR; };
		4CD476FE18F9B09F00E14178 /* XCTest.framework */ = {isa = PBXFileReference; lastKnownFileType = wrapper.framework; name = XCTest.framework; path = Library/Frameworks/XCTest.framework; sourceTree = DEVELOPER_DIR; };
		4CD4770618F9B09F00E14178 /* LiftoffTests-Info.plist */ = {isa = PBXFileReference; lastKnownFileType = text.plist.xml; path = "LiftoffTests-Info.plist"; sourceTree = "<group>"; };
		4CD4770818F9B09F00E14178 /* en */ = {isa = PBXFileReference; lastKnownFileType = text.plist.strings; name = en; path = en.lproj/InfoPlist.strings; sourceTree = "<group>"; };
		4CD4770A18F9B09F00E14178 /* LiftoffTests.m */ = {isa = PBXFileReference; lastKnownFileType = sourcecode.c.objc; path = LiftoffTests.m; sourceTree = "<group>"; };
		C93F327618FAC06500288E26 /* ISS.png */ = {isa = PBXFileReference; lastKnownFileType = image.png; path = ISS.png; sourceTree = "<group>"; };
		C93F327818FAC0E400288E26 /* DSANextLaunchCell.h */ = {isa = PBXFileReference; fileEncoding = 4; lastKnownFileType = sourcecode.c.h; name = DSANextLaunchCell.h; path = Liftoff/Launches/DSANextLaunchCell.h; sourceTree = SOURCE_ROOT; };
		C93F327918FAC0E400288E26 /* DSANextLaunchCell.m */ = {isa = PBXFileReference; fileEncoding = 4; lastKnownFileType = sourcecode.c.objc; name = DSANextLaunchCell.m; path = Liftoff/Launches/DSANextLaunchCell.m; sourceTree = SOURCE_ROOT; };
		C93F327B18FAC0F800288E26 /* DSALaunchCell.h */ = {isa = PBXFileReference; fileEncoding = 4; lastKnownFileType = sourcecode.c.h; path = DSALaunchCell.h; sourceTree = "<group>"; };
		C93F327C18FAC0F800288E26 /* DSALaunchCell.m */ = {isa = PBXFileReference; fileEncoding = 4; lastKnownFileType = sourcecode.c.objc; path = DSALaunchCell.m; sourceTree = "<group>"; };
		C93F327E18FACBC000288E26 /* DSADateConverter.h */ = {isa = PBXFileReference; fileEncoding = 4; lastKnownFileType = sourcecode.c.h; path = DSADateConverter.h; sourceTree = "<group>"; };
		C93F327F18FACBC000288E26 /* DSADateConverter.m */ = {isa = PBXFileReference; fileEncoding = 4; lastKnownFileType = sourcecode.c.objc; path = DSADateConverter.m; sourceTree = "<group>"; };
		C953A5C518FA4F5400131EA4 /* DSALaunch.h */ = {isa = PBXFileReference; fileEncoding = 4; lastKnownFileType = sourcecode.c.h; path = DSALaunch.h; sourceTree = "<group>"; };
		C953A5C618FA4F5400131EA4 /* DSALaunch.m */ = {isa = PBXFileReference; fileEncoding = 4; lastKnownFileType = sourcecode.c.objc; path = DSALaunch.m; sourceTree = "<group>"; };
		C985557218F9B33A00D7D1C7 /* Storyboard_iPhone.storyboard */ = {isa = PBXFileReference; fileEncoding = 4; lastKnownFileType = file.storyboard; path = Storyboard_iPhone.storyboard; sourceTree = "<group>"; };
		C985557418F9B3EF00D7D1C7 /* Storyboard_iPad.storyboard */ = {isa = PBXFileReference; fileEncoding = 4; lastKnownFileType = file.storyboard; path = Storyboard_iPad.storyboard; sourceTree = "<group>"; };
		C985557618F9B4C400D7D1C7 /* DSAMissionViewController.h */ = {isa = PBXFileReference; fileEncoding = 4; lastKnownFileType = sourcecode.c.h; path = DSAMissionViewController.h; sourceTree = "<group>"; };
		C985557718F9B4C400D7D1C7 /* DSAMissionViewController.m */ = {isa = PBXFileReference; fileEncoding = 4; lastKnownFileType = sourcecode.c.objc; path = DSAMissionViewController.m; sourceTree = "<group>"; };
		C985557918F9D62F00D7D1C7 /* DSADataGrabber.h */ = {isa = PBXFileReference; fileEncoding = 4; lastKnownFileType = sourcecode.c.h; path = DSADataGrabber.h; sourceTree = "<group>"; };
		C985557A18F9D62F00D7D1C7 /* DSADataGrabber.m */ = {isa = PBXFileReference; fileEncoding = 4; lastKnownFileType = sourcecode.c.objc; path = DSADataGrabber.m; sourceTree = "<group>"; };
		C985557B18F9D62F00D7D1C7 /* DSADataStore.h */ = {isa = PBXFileReference; fileEncoding = 4; lastKnownFileType = sourcecode.c.h; path = DSADataStore.h; sourceTree = "<group>"; };
		C985557C18F9D62F00D7D1C7 /* DSADataStore.m */ = {isa = PBXFileReference; fileEncoding = 4; lastKnownFileType = sourcecode.c.objc; path = DSADataStore.m; sourceTree = "<group>"; };
		C985558018F9D79800D7D1C7 /* EGOCache.h */ = {isa = PBXFileReference; fileEncoding = 4; lastKnownFileType = sourcecode.c.h; name = EGOCache.h; path = "Dependencies/EGO Image Loader/EGOCache.h"; sourceTree = "<group>"; };
		C985558118F9D79800D7D1C7 /* EGOCache.m */ = {isa = PBXFileReference; fileEncoding = 4; lastKnownFileType = sourcecode.c.objc; name = EGOCache.m; path = "Dependencies/EGO Image Loader/EGOCache.m"; sourceTree = "<group>"; };
		C985558218F9D79800D7D1C7 /* EGOImageButton.h */ = {isa = PBXFileReference; fileEncoding = 4; lastKnownFileType = sourcecode.c.h; name = EGOImageButton.h; path = "Dependencies/EGO Image Loader/EGOImageButton.h"; sourceTree = "<group>"; };
		C985558318F9D79800D7D1C7 /* EGOImageButton.m */ = {isa = PBXFileReference; fileEncoding = 4; lastKnownFileType = sourcecode.c.objc; name = EGOImageButton.m; path = "Dependencies/EGO Image Loader/EGOImageButton.m"; sourceTree = "<group>"; };
		C985558418F9D79800D7D1C7 /* EGOImageLoadConnection.h */ = {isa = PBXFileReference; fileEncoding = 4; lastKnownFileType = sourcecode.c.h; name = EGOImageLoadConnection.h; path = "Dependencies/EGO Image Loader/EGOImageLoadConnection.h"; sourceTree = "<group>"; };
		C985558518F9D79800D7D1C7 /* EGOImageLoadConnection.m */ = {isa = PBXFileReference; fileEncoding = 4; lastKnownFileType = sourcecode.c.objc; name = EGOImageLoadConnection.m; path = "Dependencies/EGO Image Loader/EGOImageLoadConnection.m"; sourceTree = "<group>"; };
		C985558618F9D79800D7D1C7 /* EGOImageLoader.h */ = {isa = PBXFileReference; fileEncoding = 4; lastKnownFileType = sourcecode.c.h; name = EGOImageLoader.h; path = "Dependencies/EGO Image Loader/EGOImageLoader.h"; sourceTree = "<group>"; };
		C985558718F9D79800D7D1C7 /* EGOImageLoader.m */ = {isa = PBXFileReference; fileEncoding = 4; lastKnownFileType = sourcecode.c.objc; name = EGOImageLoader.m; path = "Dependencies/EGO Image Loader/EGOImageLoader.m"; sourceTree = "<group>"; };
		C985558818F9D79800D7D1C7 /* EGOImageView.h */ = {isa = PBXFileReference; fileEncoding = 4; lastKnownFileType = sourcecode.c.h; name = EGOImageView.h; path = "Dependencies/EGO Image Loader/EGOImageView.h"; sourceTree = "<group>"; };
		C985558918F9D79800D7D1C7 /* EGOImageView.m */ = {isa = PBXFileReference; fileEncoding = 4; lastKnownFileType = sourcecode.c.objc; name = EGOImageView.m; path = "Dependencies/EGO Image Loader/EGOImageView.m"; sourceTree = "<group>"; };
		C985558A18F9D79800D7D1C7 /* NSCachedURLResponse+LeakFix.h */ = {isa = PBXFileReference; fileEncoding = 4; lastKnownFileType = sourcecode.c.h; name = "NSCachedURLResponse+LeakFix.h"; path = "Dependencies/EGO Image Loader/NSCachedURLResponse+LeakFix.h"; sourceTree = "<group>"; };
		C985558B18F9D79800D7D1C7 /* NSCachedURLResponse+LeakFix.m */ = {isa = PBXFileReference; fileEncoding = 4; lastKnownFileType = sourcecode.c.objc; name = "NSCachedURLResponse+LeakFix.m"; path = "Dependencies/EGO Image Loader/NSCachedURLResponse+LeakFix.m"; sourceTree = "<group>"; };
		C985558C18F9D79800D7D1C7 /* NSString+SDExtensions.h */ = {isa = PBXFileReference; fileEncoding = 4; lastKnownFileType = sourcecode.c.h; name = "NSString+SDExtensions.h"; path = "Dependencies/EGO Image Loader/NSString+SDExtensions.h"; sourceTree = "<group>"; };
		C985558D18F9D79800D7D1C7 /* NSString+SDExtensions.m */ = {isa = PBXFileReference; fileEncoding = 4; lastKnownFileType = sourcecode.c.objc; name = "NSString+SDExtensions.m"; path = "Dependencies/EGO Image Loader/NSString+SDExtensions.m"; sourceTree = "<group>"; };
		C985559218F9D79800D7D1C7 /* UIImageResize.h */ = {isa = PBXFileReference; fileEncoding = 4; lastKnownFileType = sourcecode.c.h; name = UIImageResize.h; path = "Dependencies/EGO Image Loader/UIImageResize.h"; sourceTree = "<group>"; };
		C985559318F9D79800D7D1C7 /* UIImageResize.m */ = {isa = PBXFileReference; fileEncoding = 4; lastKnownFileType = sourcecode.c.objc; name = UIImageResize.m; path = "Dependencies/EGO Image Loader/UIImageResize.m"; sourceTree = "<group>"; };
		C985559F18F9D8C700D7D1C7 /* DSAAstronautCell.h */ = {isa = PBXFileReference; fileEncoding = 4; lastKnownFileType = sourcecode.c.h; path = DSAAstronautCell.h; sourceTree = "<group>"; };
		C98555A018F9D8C700D7D1C7 /* DSAAstronautCell.m */ = {isa = PBXFileReference; fileEncoding = 4; lastKnownFileType = sourcecode.c.objc; path = DSAAstronautCell.m; sourceTree = "<group>"; };
		C98555A218F9DF9800D7D1C7 /* DSAEventCell.h */ = {isa = PBXFileReference; fileEncoding = 4; lastKnownFileType = sourcecode.c.h; path = DSAEventCell.h; sourceTree = "<group>"; };
		C98555A318F9DF9800D7D1C7 /* DSAEventCell.m */ = {isa = PBXFileReference; fileEncoding = 4; lastKnownFileType = sourcecode.c.objc; path = DSAEventCell.m; sourceTree = "<group>"; };
		C98555A518F9EAC800D7D1C7 /* DSAShadowLabel.h */ = {isa = PBXFileReference; fileEncoding = 4; lastKnownFileType = sourcecode.c.h; path = DSAShadowLabel.h; sourceTree = "<group>"; };
		C98555A618F9EAC800D7D1C7 /* DSAShadowLabel.m */ = {isa = PBXFileReference; fileEncoding = 4; lastKnownFileType = sourcecode.c.objc; path = DSAShadowLabel.m; sourceTree = "<group>"; };
		C98555AB18F9FC2600D7D1C7 /* FLKAutoLayoutPredicateList.h */ = {isa = PBXFileReference; fileEncoding = 4; lastKnownFileType = sourcecode.c.h; name = FLKAutoLayoutPredicateList.h; path = Dependencies/FLKAutoLayout/FLKAutoLayoutPredicateList.h; sourceTree = "<group>"; };
		C98555AC18F9FC2600D7D1C7 /* FLKAutoLayoutPredicateList.m */ = {isa = PBXFileReference; fileEncoding = 4; lastKnownFileType = sourcecode.c.objc; name = FLKAutoLayoutPredicateList.m; path = Dependencies/FLKAutoLayout/FLKAutoLayoutPredicateList.m; sourceTree = "<group>"; };
		C98555AD18F9FC2600D7D1C7 /* UIView+FLKAutoLayout.h */ = {isa = PBXFileReference; fileEncoding = 4; lastKnownFileType = sourcecode.c.h; name = "UIView+FLKAutoLayout.h"; path = "Dependencies/FLKAutoLayout/UIView+FLKAutoLayout.h"; sourceTree = "<group>"; };
		C98555AE18F9FC2600D7D1C7 /* UIView+FLKAutoLayout.m */ = {isa = PBXFileReference; fileEncoding = 4; lastKnownFileType = sourcecode.c.objc; name = "UIView+FLKAutoLayout.m"; path = "Dependencies/FLKAutoLayout/UIView+FLKAutoLayout.m"; sourceTree = "<group>"; };
		C98555AF18F9FC2600D7D1C7 /* UIView+FLKAutoLayoutPredicate.h */ = {isa = PBXFileReference; fileEncoding = 4; lastKnownFileType = sourcecode.c.h; name = "UIView+FLKAutoLayoutPredicate.h"; path = "Dependencies/FLKAutoLayout/UIView+FLKAutoLayoutPredicate.h"; sourceTree = "<group>"; };
		C98555B018F9FC2600D7D1C7 /* UIView+FLKAutoLayoutPredicate.m */ = {isa = PBXFileReference; fileEncoding = 4; lastKnownFileType = sourcecode.c.objc; name = "UIView+FLKAutoLayoutPredicate.m"; path = "Dependencies/FLKAutoLayout/UIView+FLKAutoLayoutPredicate.m"; sourceTree = "<group>"; };
		C98555B918FA45BE00D7D1C7 /* DSALaunchViewController.h */ = {isa = PBXFileReference; fileEncoding = 4; lastKnownFileType = sourcecode.c.h; name = DSALaunchViewController.h; path = Liftoff/Launches/DSALaunchViewController.h; sourceTree = SOURCE_ROOT; };
		C98555BA18FA45BE00D7D1C7 /* DSALaunchViewController.m */ = {isa = PBXFileReference; fileEncoding = 4; lastKnownFileType = sourcecode.c.objc; name = DSALaunchViewController.m; path = Liftoff/Launches/DSALaunchViewController.m; sourceTree = SOURCE_ROOT; };
/* End PBXFileReference section */

/* Begin PBXFrameworksBuildPhase section */
		4CD476DF18F9B09F00E14178 /* Frameworks */ = {
			isa = PBXFrameworksBuildPhase;
			buildActionMask = 2147483647;
			files = (
				4CD476E818F9B09F00E14178 /* CoreGraphics.framework in Frameworks */,
				4CD476EA18F9B09F00E14178 /* UIKit.framework in Frameworks */,
				4CD476E618F9B09F00E14178 /* Foundation.framework in Frameworks */,
			);
			runOnlyForDeploymentPostprocessing = 0;
		};
		4CD476FA18F9B09F00E14178 /* Frameworks */ = {
			isa = PBXFrameworksBuildPhase;
			buildActionMask = 2147483647;
			files = (
				4CD476FF18F9B09F00E14178 /* XCTest.framework in Frameworks */,
				4CD4770118F9B09F00E14178 /* UIKit.framework in Frameworks */,
				4CD4770018F9B09F00E14178 /* Foundation.framework in Frameworks */,
			);
			runOnlyForDeploymentPostprocessing = 0;
		};
/* End PBXFrameworksBuildPhase section */

/* Begin PBXGroup section */
		4C12A10C18F9B921002F9AEE /* Missions */ = {
			isa = PBXGroup;
			children = (
				C985557618F9B4C400D7D1C7 /* DSAMissionViewController.h */,
				C985557718F9B4C400D7D1C7 /* DSAMissionViewController.m */,
				C98555A518F9EAC800D7D1C7 /* DSAShadowLabel.h */,
				C98555A618F9EAC800D7D1C7 /* DSAShadowLabel.m */,
				C985559F18F9D8C700D7D1C7 /* DSAAstronautCell.h */,
				C98555A018F9D8C700D7D1C7 /* DSAAstronautCell.m */,
				C98555A218F9DF9800D7D1C7 /* DSAEventCell.h */,
				C98555A318F9DF9800D7D1C7 /* DSAEventCell.m */,
			);
			name = Missions;
			path = Mission;
			sourceTree = "<group>";
		};
		4C12A10D18F9B926002F9AEE /* Timeline */ = {
			isa = PBXGroup;
			children = (
				4CA79CD218FA53620008966B /* Scrubber */,
				4C12A10818F9B8C2002F9AEE /* DSATimelineViewController.h */,
				4C12A10918F9B8C2002F9AEE /* DSATimelineViewController.m */,
				4C61AD9318F9EF61009E585F /* DSATimelineDataSource.h */,
				4C61AD9418F9EF61009E585F /* DSATimelineDataSource.m */,
				4C61AD9518F9EF61009E585F /* DSATimelineViewCell.h */,
				4C61AD9618F9EF61009E585F /* DSATimelineViewCell.m */,
				4C61AD9718F9EF61009E585F /* DSATimelineWidthCalculator.h */,
				4C61AD9818F9EF61009E585F /* DSATimelineWidthCalculator.m */,
				4C61AD9C18FA189F009E585F /* DSATimelineOffsetManager.h */,
				4C61AD9D18FA189F009E585F /* DSATimelineOffsetManager.m */,
			);
			path = Timeline;
			sourceTree = "<group>";
		};
		4C12A10E18F9B95A002F9AEE /* App */ = {
			isa = PBXGroup;
			children = (
				4CD476F418F9B09F00E14178 /* DSAAppDelegate.h */,
				4CD476F518F9B09F00E14178 /* DSAAppDelegate.m */,
				C985557218F9B33A00D7D1C7 /* Storyboard_iPhone.storyboard */,
				C985557418F9B3EF00D7D1C7 /* Storyboard_iPad.storyboard */,
				4C62444018FABBE200D1D582 /* DSANavigationControllerDelegate.h */,
				4C62444118FABBE200D1D582 /* DSANavigationControllerDelegate.m */,
				4C62443C18FAAFBD00D1D582 /* DSATimelineMissionAnimator.h */,
				4C62443D18FAAFBD00D1D582 /* DSATimelineMissionAnimator.m */,
			);
			path = App;
			sourceTree = "<group>";
		};
		4C12A10F18F9BAB7002F9AEE /* Data */ = {
			isa = PBXGroup;
			children = (
				C985557918F9D62F00D7D1C7 /* DSADataGrabber.h */,
				C985557A18F9D62F00D7D1C7 /* DSADataGrabber.m */,
				C985557B18F9D62F00D7D1C7 /* DSADataStore.h */,
				C985557C18F9D62F00D7D1C7 /* DSADataStore.m */,
				4C12A11018F9BB71002F9AEE /* DSAMission.h */,
				4C12A11118F9BB71002F9AEE /* DSAMission.m */,
				4C12A11418F9BB87002F9AEE /* DSAEvent.h */,
				4C12A11518F9BB87002F9AEE /* DSAEvent.m */,
				C953A5C518FA4F5400131EA4 /* DSALaunch.h */,
				C953A5C618FA4F5400131EA4 /* DSALaunch.m */,
			);
			path = Data;
			sourceTree = "<group>";
		};
		4CA79CD218FA53620008966B /* Scrubber */ = {
			isa = PBXGroup;
			children = (
				4CA79CD318FA54250008966B /* DSAScrubberView.h */,
				4CA79CD418FA54250008966B /* DSAScrubberView.m */,
				4CA79CD718FA62F80008966B /* DSAScrubberManager.h */,
				4CA79CD818FA62F80008966B /* DSAScrubberManager.m */,
			);
			path = Scrubber;
			sourceTree = "<group>";
		};
		4CB014F018FA345700E4B82F /* Assets */ = {
			isa = PBXGroup;
			children = (
				4CB014F218FA346400E4B82F /* Images */,
				4CB014F118FA346000E4B82F /* Fonts */,
			);
			path = Assets;
			sourceTree = "<group>";
		};
		4CB014F118FA346000E4B82F /* Fonts */ = {
			isa = PBXGroup;
			children = (
				4CB014F518FA356A00E4B82F /* Novecentosanswide-DemiBold.otf */,
				4CB014F618FA356A00E4B82F /* Novecentosanswide-Light.otf */,
			);
			path = Fonts;
			sourceTree = "<group>";
		};
		4CB014F218FA346400E4B82F /* Images */ = {
			isa = PBXGroup;
			children = (
				C93F327618FAC06500288E26 /* ISS.png */,
			);
			path = Images;
			sourceTree = "<group>";
		};
		4CD476D918F9B09F00E14178 = {
			isa = PBXGroup;
			children = (
				4CD476EB18F9B09F00E14178 /* Liftoff */,
				4CD4770418F9B09F00E14178 /* LiftoffTests */,
				4CD476E418F9B09F00E14178 /* Frameworks */,
				4CD476E318F9B09F00E14178 /* Products */,
			);
			sourceTree = "<group>";
		};
		4CD476E318F9B09F00E14178 /* Products */ = {
			isa = PBXGroup;
			children = (
				4CD476E218F9B09F00E14178 /* Liftoff.app */,
				4CD476FD18F9B09F00E14178 /* LiftoffTests.xctest */,
			);
			name = Products;
			sourceTree = "<group>";
		};
		4CD476E418F9B09F00E14178 /* Frameworks */ = {
			isa = PBXGroup;
			children = (
				4CD476E518F9B09F00E14178 /* Foundation.framework */,
				4CD476E718F9B09F00E14178 /* CoreGraphics.framework */,
				4CD476E918F9B09F00E14178 /* UIKit.framework */,
				4CD476FE18F9B09F00E14178 /* XCTest.framework */,
			);
			name = Frameworks;
			sourceTree = "<group>";
		};
		4CD476EB18F9B09F00E14178 /* Liftoff */ = {
			isa = PBXGroup;
			children = (
				4C12A10E18F9B95A002F9AEE /* App */,
				4C12A10F18F9BAB7002F9AEE /* Data */,
				C98555B818FA3F8F00D7D1C7 /* Launches */,
				4C12A10C18F9B921002F9AEE /* Missions */,
				4C12A10D18F9B926002F9AEE /* Timeline */,
				4CB014F018FA345700E4B82F /* Assets */,
				4CD476F718F9B09F00E14178 /* Images.xcassets */,
				4CD476EC18F9B09F00E14178 /* Supporting Files */,
			);
			path = Liftoff;
			sourceTree = "<group>";
		};
		4CD476EC18F9B09F00E14178 /* Supporting Files */ = {
			isa = PBXGroup;
			children = (
				C985559E18F9D86800D7D1C7 /* Dependencies */,
				4CD476ED18F9B09F00E14178 /* Liftoff-Info.plist */,
				4CD476EE18F9B09F00E14178 /* InfoPlist.strings */,
				4CD476F118F9B09F00E14178 /* main.m */,
				4CD476F318F9B09F00E14178 /* Liftoff-Prefix.pch */,
			);
			name = "Supporting Files";
			sourceTree = "<group>";
		};
		4CD4770418F9B09F00E14178 /* LiftoffTests */ = {
			isa = PBXGroup;
			children = (
				4CD4770A18F9B09F00E14178 /* LiftoffTests.m */,
				4CD4770518F9B09F00E14178 /* Supporting Files */,
			);
			path = LiftoffTests;
			sourceTree = "<group>";
		};
		4CD4770518F9B09F00E14178 /* Supporting Files */ = {
			isa = PBXGroup;
			children = (
				4CD4770618F9B09F00E14178 /* LiftoffTests-Info.plist */,
				4CD4770718F9B09F00E14178 /* InfoPlist.strings */,
			);
			name = "Supporting Files";
			sourceTree = "<group>";
		};
		C985557F18F9D74100D7D1C7 /* EGOImageLoader */ = {
			isa = PBXGroup;
			children = (
				C985558018F9D79800D7D1C7 /* EGOCache.h */,
				C985558118F9D79800D7D1C7 /* EGOCache.m */,
				C985558218F9D79800D7D1C7 /* EGOImageButton.h */,
				C985558318F9D79800D7D1C7 /* EGOImageButton.m */,
				C985558418F9D79800D7D1C7 /* EGOImageLoadConnection.h */,
				C985558518F9D79800D7D1C7 /* EGOImageLoadConnection.m */,
				C985558618F9D79800D7D1C7 /* EGOImageLoader.h */,
				C985558718F9D79800D7D1C7 /* EGOImageLoader.m */,
				C985558818F9D79800D7D1C7 /* EGOImageView.h */,
				C985558918F9D79800D7D1C7 /* EGOImageView.m */,
				C985558A18F9D79800D7D1C7 /* NSCachedURLResponse+LeakFix.h */,
				C985558B18F9D79800D7D1C7 /* NSCachedURLResponse+LeakFix.m */,
				C985558C18F9D79800D7D1C7 /* NSString+SDExtensions.h */,
				C985558D18F9D79800D7D1C7 /* NSString+SDExtensions.m */,
				C985559218F9D79800D7D1C7 /* UIImageResize.h */,
				C985559318F9D79800D7D1C7 /* UIImageResize.m */,
			);
			name = EGOImageLoader;
			sourceTree = "<group>";
		};
		C985559E18F9D86800D7D1C7 /* Dependencies */ = {
			isa = PBXGroup;
			children = (
				C98555B418F9FC2C00D7D1C7 /* AutoLayout */,
				C985557F18F9D74100D7D1C7 /* EGOImageLoader */,
			);
			name = Dependencies;
			sourceTree = "<group>";
		};
		C98555B418F9FC2C00D7D1C7 /* AutoLayout */ = {
			isa = PBXGroup;
			children = (
				C98555AB18F9FC2600D7D1C7 /* FLKAutoLayoutPredicateList.h */,
				C98555AC18F9FC2600D7D1C7 /* FLKAutoLayoutPredicateList.m */,
				C98555AD18F9FC2600D7D1C7 /* UIView+FLKAutoLayout.h */,
				C98555AE18F9FC2600D7D1C7 /* UIView+FLKAutoLayout.m */,
				C98555AF18F9FC2600D7D1C7 /* UIView+FLKAutoLayoutPredicate.h */,
				C98555B018F9FC2600D7D1C7 /* UIView+FLKAutoLayoutPredicate.m */,
			);
			name = AutoLayout;
			sourceTree = "<group>";
		};
		C98555B818FA3F8F00D7D1C7 /* Launches */ = {
			isa = PBXGroup;
			children = (
				C98555B918FA45BE00D7D1C7 /* DSALaunchViewController.h */,
				C98555BA18FA45BE00D7D1C7 /* DSALaunchViewController.m */,
				C93F327818FAC0E400288E26 /* DSANextLaunchCell.h */,
				C93F327918FAC0E400288E26 /* DSANextLaunchCell.m */,
				C93F327B18FAC0F800288E26 /* DSALaunchCell.h */,
				C93F327C18FAC0F800288E26 /* DSALaunchCell.m */,
				C93F327E18FACBC000288E26 /* DSADateConverter.h */,
				C93F327F18FACBC000288E26 /* DSADateConverter.m */,
			);
			name = Launches;
			path = Mission;
			sourceTree = "<group>";
		};
/* End PBXGroup section */

/* Begin PBXNativeTarget section */
		4CD476E118F9B09F00E14178 /* Liftoff */ = {
			isa = PBXNativeTarget;
			buildConfigurationList = 4CD4770E18F9B09F00E14178 /* Build configuration list for PBXNativeTarget "Liftoff" */;
			buildPhases = (
				4CD476DE18F9B09F00E14178 /* Sources */,
				4CD476DF18F9B09F00E14178 /* Frameworks */,
				4CD476E018F9B09F00E14178 /* Resources */,
			);
			buildRules = (
			);
			dependencies = (
			);
			name = Liftoff;
			productName = Liftoff;
			productReference = 4CD476E218F9B09F00E14178 /* Liftoff.app */;
			productType = "com.apple.product-type.application";
		};
		4CD476FC18F9B09F00E14178 /* LiftoffTests */ = {
			isa = PBXNativeTarget;
			buildConfigurationList = 4CD4771118F9B09F00E14178 /* Build configuration list for PBXNativeTarget "LiftoffTests" */;
			buildPhases = (
				4CD476F918F9B09F00E14178 /* Sources */,
				4CD476FA18F9B09F00E14178 /* Frameworks */,
				4CD476FB18F9B09F00E14178 /* Resources */,
			);
			buildRules = (
			);
			dependencies = (
				4CD4770318F9B09F00E14178 /* PBXTargetDependency */,
			);
			name = LiftoffTests;
			productName = LiftoffTests;
			productReference = 4CD476FD18F9B09F00E14178 /* LiftoffTests.xctest */;
			productType = "com.apple.product-type.bundle.unit-test";
		};
/* End PBXNativeTarget section */

/* Begin PBXProject section */
		4CD476DA18F9B09F00E14178 /* Project object */ = {
			isa = PBXProject;
			attributes = {
				CLASSPREFIX = DSA;
				LastUpgradeCheck = 0510;
				ORGANIZATIONNAME = "Disco Space Agency";
				TargetAttributes = {
					4CD476E118F9B09F00E14178 = {
						DevelopmentTeam = WS7CC4HVGS;
					};
					4CD476FC18F9B09F00E14178 = {
						TestTargetID = 4CD476E118F9B09F00E14178;
					};
				};
			};
			buildConfigurationList = 4CD476DD18F9B09F00E14178 /* Build configuration list for PBXProject "Liftoff" */;
			compatibilityVersion = "Xcode 3.2";
			developmentRegion = English;
			hasScannedForEncodings = 0;
			knownRegions = (
				en,
			);
			mainGroup = 4CD476D918F9B09F00E14178;
			productRefGroup = 4CD476E318F9B09F00E14178 /* Products */;
			projectDirPath = "";
			projectRoot = "";
			targets = (
				4CD476E118F9B09F00E14178 /* Liftoff */,
				4CD476FC18F9B09F00E14178 /* LiftoffTests */,
			);
		};
/* End PBXProject section */

/* Begin PBXResourcesBuildPhase section */
		4CD476E018F9B09F00E14178 /* Resources */ = {
			isa = PBXResourcesBuildPhase;
			buildActionMask = 2147483647;
			files = (
				4CB014FD18FA356A00E4B82F /* Novecentosanswide-DemiBold.otf in Resources */,
				C93F327718FAC06600288E26 /* ISS.png in Resources */,
				4CD476F018F9B09F00E14178 /* InfoPlist.strings in Resources */,
				C985557318F9B33A00D7D1C7 /* Storyboard_iPhone.storyboard in Resources */,
				4CD476F818F9B09F00E14178 /* Images.xcassets in Resources */,
				4CB014FF18FA356A00E4B82F /* Novecentosanswide-Light.otf in Resources */,
				C985557518F9B3EF00D7D1C7 /* Storyboard_iPad.storyboard in Resources */,
			);
			runOnlyForDeploymentPostprocessing = 0;
		};
		4CD476FB18F9B09F00E14178 /* Resources */ = {
			isa = PBXResourcesBuildPhase;
			buildActionMask = 2147483647;
			files = (
				4CB014FE18FA356A00E4B82F /* Novecentosanswide-DemiBold.otf in Resources */,
				4CD4770918F9B09F00E14178 /* InfoPlist.strings in Resources */,
				4CB0150018FA356A00E4B82F /* Novecentosanswide-Light.otf in Resources */,
			);
			runOnlyForDeploymentPostprocessing = 0;
		};
/* End PBXResourcesBuildPhase section */

/* Begin PBXSourcesBuildPhase section */
		4CD476DE18F9B09F00E14178 /* Sources */ = {
			isa = PBXSourcesBuildPhase;
			buildActionMask = 2147483647;
			files = (
				C93F327A18FAC0E400288E26 /* DSANextLaunchCell.m in Sources */,
				4CA79CD918FA62F80008966B /* DSAScrubberManager.m in Sources */,
				C98555B118F9FC2600D7D1C7 /* FLKAutoLayoutPredicateList.m in Sources */,
				C985557E18F9D62F00D7D1C7 /* DSADataStore.m in Sources */,
				4C61AD9A18F9EF61009E585F /* DSATimelineViewCell.m in Sources */,
				C98555A718F9EAC800D7D1C7 /* DSAShadowLabel.m in Sources */,
				C985559818F9D79800D7D1C7 /* EGOImageView.m in Sources */,
				C985559618F9D79800D7D1C7 /* EGOImageLoadConnection.m in Sources */,
				C98555BB18FA45BE00D7D1C7 /* DSALaunchViewController.m in Sources */,
				C98555B318F9FC2600D7D1C7 /* UIView+FLKAutoLayoutPredicate.m in Sources */,
				4C62444218FABBE200D1D582 /* DSANavigationControllerDelegate.m in Sources */,
				4C12A11218F9BB71002F9AEE /* DSAMission.m in Sources */,
				C985559418F9D79800D7D1C7 /* EGOCache.m in Sources */,
				4C61AD9E18FA189F009E585F /* DSATimelineOffsetManager.m in Sources */,
				C985559518F9D79800D7D1C7 /* EGOImageButton.m in Sources */,
				4C62443E18FAAFBD00D1D582 /* DSATimelineMissionAnimator.m in Sources */,
				4C61AD9B18F9EF61009E585F /* DSATimelineWidthCalculator.m in Sources */,
				C953A5C718FA4F5400131EA4 /* DSALaunch.m in Sources */,
				C985559918F9D79800D7D1C7 /* NSCachedURLResponse+LeakFix.m in Sources */,
				4C12A10A18F9B8C2002F9AEE /* DSATimelineViewController.m in Sources */,
				C985559D18F9D79800D7D1C7 /* UIImageResize.m in Sources */,
				4CD476F218F9B09F00E14178 /* main.m in Sources */,
				4CA79CD518FA54250008966B /* DSAScrubberView.m in Sources */,
				C985557D18F9D62F00D7D1C7 /* DSADataGrabber.m in Sources */,
				C98555B218F9FC2600D7D1C7 /* UIView+FLKAutoLayout.m in Sources */,
				C93F328018FACBC000288E26 /* DSADateConverter.m in Sources */,
				C98555A418F9DF9800D7D1C7 /* DSAEventCell.m in Sources */,
				C98555A118F9D8C700D7D1C7 /* DSAAstronautCell.m in Sources */,
				C985559718F9D79800D7D1C7 /* EGOImageLoader.m in Sources */,
				C985559A18F9D79800D7D1C7 /* NSString+SDExtensions.m in Sources */,
				4C61AD9918F9EF61009E585F /* DSATimelineDataSource.m in Sources */,
				4CD476F618F9B09F00E14178 /* DSAAppDelegate.m in Sources */,
				C93F327D18FAC0F800288E26 /* DSALaunchCell.m in Sources */,
				C985557818F9B4C400D7D1C7 /* DSAMissionViewController.m in Sources */,
				4C12A11618F9BB87002F9AEE /* DSAEvent.m in Sources */,
			);
			runOnlyForDeploymentPostprocessing = 0;
		};
		4CD476F918F9B09F00E14178 /* Sources */ = {
			isa = PBXSourcesBuildPhase;
			buildActionMask = 2147483647;
			files = (
				4CA79CDA18FA62F80008966B /* DSAScrubberManager.m in Sources */,
				4C12A11318F9BB71002F9AEE /* DSAMission.m in Sources */,
				4CA79CD618FA54250008966B /* DSAScrubberView.m in Sources */,
				4C62443F18FAAFBD00D1D582 /* DSATimelineMissionAnimator.m in Sources */,
				4C61AD9F18FA189F009E585F /* DSATimelineOffsetManager.m in Sources */,
				4C62444318FABBE200D1D582 /* DSANavigationControllerDelegate.m in Sources */,
				4C12A10B18F9B8C2002F9AEE /* DSATimelineViewController.m in Sources */,
				4CD4770B18F9B09F00E14178 /* LiftoffTests.m in Sources */,
				4C12A11718F9BB87002F9AEE /* DSAEvent.m in Sources */,
			);
			runOnlyForDeploymentPostprocessing = 0;
		};
/* End PBXSourcesBuildPhase section */

/* Begin PBXTargetDependency section */
		4CD4770318F9B09F00E14178 /* PBXTargetDependency */ = {
			isa = PBXTargetDependency;
			target = 4CD476E118F9B09F00E14178 /* Liftoff */;
			targetProxy = 4CD4770218F9B09F00E14178 /* PBXContainerItemProxy */;
		};
/* End PBXTargetDependency section */

/* Begin PBXVariantGroup section */
		4CD476EE18F9B09F00E14178 /* InfoPlist.strings */ = {
			isa = PBXVariantGroup;
			children = (
				4CD476EF18F9B09F00E14178 /* en */,
			);
			name = InfoPlist.strings;
			sourceTree = "<group>";
		};
		4CD4770718F9B09F00E14178 /* InfoPlist.strings */ = {
			isa = PBXVariantGroup;
			children = (
				4CD4770818F9B09F00E14178 /* en */,
			);
			name = InfoPlist.strings;
			sourceTree = "<group>";
		};
/* End PBXVariantGroup section */

/* Begin XCBuildConfiguration section */
		4CD4770C18F9B09F00E14178 /* Debug */ = {
			isa = XCBuildConfiguration;
			buildSettings = {
				ALWAYS_SEARCH_USER_PATHS = NO;
				CLANG_CXX_LANGUAGE_STANDARD = "gnu++0x";
				CLANG_CXX_LIBRARY = "libc++";
				CLANG_ENABLE_MODULES = YES;
				CLANG_ENABLE_OBJC_ARC = YES;
				CLANG_WARN_BOOL_CONVERSION = YES;
				CLANG_WARN_CONSTANT_CONVERSION = YES;
				CLANG_WARN_DIRECT_OBJC_ISA_USAGE = YES_ERROR;
				CLANG_WARN_EMPTY_BODY = YES;
				CLANG_WARN_ENUM_CONVERSION = YES;
				CLANG_WARN_INT_CONVERSION = YES;
				CLANG_WARN_OBJC_ROOT_CLASS = YES_ERROR;
				CLANG_WARN__DUPLICATE_METHOD_MATCH = YES;
				"CODE_SIGN_IDENTITY[sdk=iphoneos*]" = "iPhone Developer";
				COPY_PHASE_STRIP = NO;
				GCC_C_LANGUAGE_STANDARD = gnu99;
				GCC_DYNAMIC_NO_PIC = NO;
				GCC_OPTIMIZATION_LEVEL = 0;
				GCC_PREPROCESSOR_DEFINITIONS = (
					"DEBUG=1",
					"$(inherited)",
				);
				GCC_SYMBOLS_PRIVATE_EXTERN = NO;
				GCC_WARN_64_TO_32_BIT_CONVERSION = YES;
				GCC_WARN_ABOUT_RETURN_TYPE = YES_ERROR;
				GCC_WARN_UNDECLARED_SELECTOR = YES;
				GCC_WARN_UNINITIALIZED_AUTOS = YES_AGGRESSIVE;
				GCC_WARN_UNUSED_FUNCTION = YES;
				GCC_WARN_UNUSED_VARIABLE = YES;
				IPHONEOS_DEPLOYMENT_TARGET = 7.1;
				ONLY_ACTIVE_ARCH = YES;
				SDKROOT = iphoneos;
				TARGETED_DEVICE_FAMILY = "1,2";
			};
			name = Debug;
		};
		4CD4770D18F9B09F00E14178 /* Release */ = {
			isa = XCBuildConfiguration;
			buildSettings = {
				ALWAYS_SEARCH_USER_PATHS = NO;
				CLANG_CXX_LANGUAGE_STANDARD = "gnu++0x";
				CLANG_CXX_LIBRARY = "libc++";
				CLANG_ENABLE_MODULES = YES;
				CLANG_ENABLE_OBJC_ARC = YES;
				CLANG_WARN_BOOL_CONVERSION = YES;
				CLANG_WARN_CONSTANT_CONVERSION = YES;
				CLANG_WARN_DIRECT_OBJC_ISA_USAGE = YES_ERROR;
				CLANG_WARN_EMPTY_BODY = YES;
				CLANG_WARN_ENUM_CONVERSION = YES;
				CLANG_WARN_INT_CONVERSION = YES;
				CLANG_WARN_OBJC_ROOT_CLASS = YES_ERROR;
				CLANG_WARN__DUPLICATE_METHOD_MATCH = YES;
				"CODE_SIGN_IDENTITY[sdk=iphoneos*]" = "iPhone Developer";
				COPY_PHASE_STRIP = YES;
				ENABLE_NS_ASSERTIONS = NO;
				GCC_C_LANGUAGE_STANDARD = gnu99;
				GCC_WARN_64_TO_32_BIT_CONVERSION = YES;
				GCC_WARN_ABOUT_RETURN_TYPE = YES_ERROR;
				GCC_WARN_UNDECLARED_SELECTOR = YES;
				GCC_WARN_UNINITIALIZED_AUTOS = YES_AGGRESSIVE;
				GCC_WARN_UNUSED_FUNCTION = YES;
				GCC_WARN_UNUSED_VARIABLE = YES;
				IPHONEOS_DEPLOYMENT_TARGET = 7.1;
				SDKROOT = iphoneos;
				TARGETED_DEVICE_FAMILY = "1,2";
				VALIDATE_PRODUCT = YES;
			};
			name = Release;
		};
		4CD4770F18F9B09F00E14178 /* Debug */ = {
			isa = XCBuildConfiguration;
			buildSettings = {
				ASSETCATALOG_COMPILER_APPICON_NAME = AppIcon;
				ASSETCATALOG_COMPILER_LAUNCHIMAGE_NAME = LaunchImage;
				CODE_SIGN_IDENTITY = "iPhone Developer";
				GCC_PRECOMPILE_PREFIX_HEADER = YES;
				GCC_PREFIX_HEADER = "Liftoff/Liftoff-Prefix.pch";
				INFOPLIST_FILE = "Liftoff/Liftoff-Info.plist";
				IPHONEOS_DEPLOYMENT_TARGET = 7.0;
				PRODUCT_NAME = "$(TARGET_NAME)";
				WRAPPER_EXTENSION = app;
			};
			name = Debug;
		};
		4CD4771018F9B09F00E14178 /* Release */ = {
			isa = XCBuildConfiguration;
			buildSettings = {
				ASSETCATALOG_COMPILER_APPICON_NAME = AppIcon;
				ASSETCATALOG_COMPILER_LAUNCHIMAGE_NAME = LaunchImage;
				CODE_SIGN_IDENTITY = "iPhone Developer";
				GCC_PRECOMPILE_PREFIX_HEADER = YES;
				GCC_PREFIX_HEADER = "Liftoff/Liftoff-Prefix.pch";
				INFOPLIST_FILE = "Liftoff/Liftoff-Info.plist";
				IPHONEOS_DEPLOYMENT_TARGET = 7.0;
				PRODUCT_NAME = "$(TARGET_NAME)";
				WRAPPER_EXTENSION = app;
			};
			name = Release;
		};
		4CD4771218F9B09F00E14178 /* Debug */ = {
			isa = XCBuildConfiguration;
			buildSettings = {
				BUNDLE_LOADER = "$(BUILT_PRODUCTS_DIR)/Liftoff.app/Liftoff";
				FRAMEWORK_SEARCH_PATHS = (
					"$(SDKROOT)/Developer/Library/Frameworks",
					"$(inherited)",
					"$(DEVELOPER_FRAMEWORKS_DIR)",
				);
				GCC_PRECOMPILE_PREFIX_HEADER = YES;
				GCC_PREFIX_HEADER = "Liftoff/Liftoff-Prefix.pch";
				GCC_PREPROCESSOR_DEFINITIONS = (
					"DEBUG=1",
					"$(inherited)",
				);
				INFOPLIST_FILE = "LiftoffTests/LiftoffTests-Info.plist";
				PRODUCT_NAME = "$(TARGET_NAME)";
				TEST_HOST = "$(BUNDLE_LOADER)";
				WRAPPER_EXTENSION = xctest;
			};
			name = Debug;
		};
		4CD4771318F9B09F00E14178 /* Release */ = {
			isa = XCBuildConfiguration;
			buildSettings = {
				BUNDLE_LOADER = "$(BUILT_PRODUCTS_DIR)/Liftoff.app/Liftoff";
				FRAMEWORK_SEARCH_PATHS = (
					"$(SDKROOT)/Developer/Library/Frameworks",
					"$(inherited)",
					"$(DEVELOPER_FRAMEWORKS_DIR)",
				);
				GCC_PRECOMPILE_PREFIX_HEADER = YES;
				GCC_PREFIX_HEADER = "Liftoff/Liftoff-Prefix.pch";
				INFOPLIST_FILE = "LiftoffTests/LiftoffTests-Info.plist";
				PRODUCT_NAME = "$(TARGET_NAME)";
				TEST_HOST = "$(BUNDLE_LOADER)";
				WRAPPER_EXTENSION = xctest;
			};
			name = Release;
		};
/* End XCBuildConfiguration section */

/* Begin XCConfigurationList section */
		4CD476DD18F9B09F00E14178 /* Build configuration list for PBXProject "Liftoff" */ = {
			isa = XCConfigurationList;
			buildConfigurations = (
				4CD4770C18F9B09F00E14178 /* Debug */,
				4CD4770D18F9B09F00E14178 /* Release */,
			);
			defaultConfigurationIsVisible = 0;
			defaultConfigurationName = Release;
		};
		4CD4770E18F9B09F00E14178 /* Build configuration list for PBXNativeTarget "Liftoff" */ = {
			isa = XCConfigurationList;
			buildConfigurations = (
				4CD4770F18F9B09F00E14178 /* Debug */,
				4CD4771018F9B09F00E14178 /* Release */,
			);
			defaultConfigurationIsVisible = 0;
			defaultConfigurationName = Release;
		};
		4CD4771118F9B09F00E14178 /* Build configuration list for PBXNativeTarget "LiftoffTests" */ = {
			isa = XCConfigurationList;
			buildConfigurations = (
				4CD4771218F9B09F00E14178 /* Debug */,
				4CD4771318F9B09F00E14178 /* Release */,
			);
			defaultConfigurationIsVisible = 0;
			defaultConfigurationName = Release;
		};
/* End XCConfigurationList section */
	};
	rootObject = 4CD476DA18F9B09F00E14178 /* Project object */;
}
